// !$*UTF8*$!
{
	archiveVersion = 1;
	classes = {
	};
	objectVersion = 46;
	objects = {

/* Begin PBXBuildFile section */
		FA90629A1AED25F700B7735F /* AppDelegate.swift in Sources */ = {isa = PBXBuildFile; fileRef = FA9062991AED25F700B7735F /* AppDelegate.swift */; };
		FA90629C1AED25F700B7735F /* ViewController.swift in Sources */ = {isa = PBXBuildFile; fileRef = FA90629B1AED25F700B7735F /* ViewController.swift */; };
		FA9062A11AED25F700B7735F /* Images.xcassets in Resources */ = {isa = PBXBuildFile; fileRef = FA9062A01AED25F700B7735F /* Images.xcassets */; };
		FA9062B01AED25F700B7735F /* ALRadialMenuTests.swift in Sources */ = {isa = PBXBuildFile; fileRef = FA9062AF1AED25F700B7735F /* ALRadialMenuTests.swift */; };
		FA9062BB1AED26FC00B7735F /* ALRadialMenu.swift in Sources */ = {isa = PBXBuildFile; fileRef = FA9062BA1AED26FC00B7735F /* ALRadialMenu.swift */; };
		FA9062BD1AED272800B7735F /* ALRadialMenuButton.swift in Sources */ = {isa = PBXBuildFile; fileRef = FA9062BC1AED272800B7735F /* ALRadialMenuButton.swift */; };
/* End PBXBuildFile section */

/* Begin PBXContainerItemProxy section */
		FA9062AA1AED25F700B7735F /* PBXContainerItemProxy */ = {
			isa = PBXContainerItemProxy;
			containerPortal = FA90628C1AED25F700B7735F /* Project object */;
			proxyType = 1;
			remoteGlobalIDString = FA9062931AED25F700B7735F;
			remoteInfo = ALRadialMenu;
		};
/* End PBXContainerItemProxy section */

/* Begin PBXFileReference section */
		FA9062941AED25F700B7735F /* ALRadialMenu.app */ = {isa = PBXFileReference; explicitFileType = wrapper.application; includeInIndex = 0; path = ALRadialMenu.app; sourceTree = BUILT_PRODUCTS_DIR; };
		FA9062981AED25F700B7735F /* Info.plist */ = {isa = PBXFileReference; lastKnownFileType = text.plist.xml; path = Info.plist; sourceTree = "<group>"; };
		FA9062991AED25F700B7735F /* AppDelegate.swift */ = {isa = PBXFileReference; lastKnownFileType = sourcecode.swift; path = AppDelegate.swift; sourceTree = "<group>"; };
		FA90629B1AED25F700B7735F /* ViewController.swift */ = {isa = PBXFileReference; lastKnownFileType = sourcecode.swift; path = ViewController.swift; sourceTree = "<group>"; };
		FA9062A01AED25F700B7735F /* Images.xcassets */ = {isa = PBXFileReference; lastKnownFileType = folder.assetcatalog; path = Images.xcassets; sourceTree = "<group>"; };
		FA9062A91AED25F700B7735F /* ALRadialMenuTests.xctest */ = {isa = PBXFileReference; explicitFileType = wrapper.cfbundle; includeInIndex = 0; path = ALRadialMenuTests.xctest; sourceTree = BUILT_PRODUCTS_DIR; };
		FA9062AE1AED25F700B7735F /* Info.plist */ = {isa = PBXFileReference; lastKnownFileType = text.plist.xml; path = Info.plist; sourceTree = "<group>"; };
		FA9062AF1AED25F700B7735F /* ALRadialMenuTests.swift */ = {isa = PBXFileReference; lastKnownFileType = sourcecode.swift; path = ALRadialMenuTests.swift; sourceTree = "<group>"; };
		FA9062BA1AED26FC00B7735F /* ALRadialMenu.swift */ = {isa = PBXFileReference; fileEncoding = 4; lastKnownFileType = sourcecode.swift; path = ALRadialMenu.swift; sourceTree = "<group>"; };
		FA9062BC1AED272800B7735F /* ALRadialMenuButton.swift */ = {isa = PBXFileReference; fileEncoding = 4; lastKnownFileType = sourcecode.swift; path = ALRadialMenuButton.swift; sourceTree = "<group>"; };
/* End PBXFileReference section */

/* Begin PBXFrameworksBuildPhase section */
		FA9062911AED25F700B7735F /* Frameworks */ = {
			isa = PBXFrameworksBuildPhase;
			buildActionMask = 2147483647;
			files = (
			);
			runOnlyForDeploymentPostprocessing = 0;
		};
		FA9062A61AED25F700B7735F /* Frameworks */ = {
			isa = PBXFrameworksBuildPhase;
			buildActionMask = 2147483647;
			files = (
			);
			runOnlyForDeploymentPostprocessing = 0;
		};
/* End PBXFrameworksBuildPhase section */

/* Begin PBXGroup section */
		FA90628B1AED25F700B7735F = {
			isa = PBXGroup;
			children = (
				FA9062B91AED264500B7735F /* Example */,
				FA9062961AED25F700B7735F /* ALRadialMenu */,
				FA9062AC1AED25F700B7735F /* ALRadialMenuTests */,
				FA9062951AED25F700B7735F /* Products */,
			);
			sourceTree = "<group>";
		};
		FA9062951AED25F700B7735F /* Products */ = {
			isa = PBXGroup;
			children = (
				FA9062941AED25F700B7735F /* ALRadialMenu.app */,
				FA9062A91AED25F700B7735F /* ALRadialMenuTests.xctest */,
			);
			name = Products;
			sourceTree = "<group>";
		};
		FA9062961AED25F700B7735F /* ALRadialMenu */ = {
			isa = PBXGroup;
			children = (
				FA9062BA1AED26FC00B7735F /* ALRadialMenu.swift */,
				FA9062BC1AED272800B7735F /* ALRadialMenuButton.swift */,
			);
			path = ALRadialMenu;
			sourceTree = "<group>";
		};
		FA9062971AED25F700B7735F /* Supporting Files */ = {
			isa = PBXGroup;
			children = (
				FA9062A01AED25F700B7735F /* Images.xcassets */,
				FA9062981AED25F700B7735F /* Info.plist */,
			);
			path = "Supporting Files";
			sourceTree = "<group>";
		};
		FA9062AC1AED25F700B7735F /* ALRadialMenuTests */ = {
			isa = PBXGroup;
			children = (
				FA9062AF1AED25F700B7735F /* ALRadialMenuTests.swift */,
				FA9062AD1AED25F700B7735F /* Supporting Files */,
			);
			path = ALRadialMenuTests;
			sourceTree = "<group>";
		};
		FA9062AD1AED25F700B7735F /* Supporting Files */ = {
			isa = PBXGroup;
			children = (
				FA9062AE1AED25F700B7735F /* Info.plist */,
			);
			path = "Supporting Files";
			sourceTree = "<group>";
		};
		FA9062B91AED264500B7735F /* Example */ = {
			isa = PBXGroup;
			children = (
				FA9062991AED25F700B7735F /* AppDelegate.swift */,
				FA90629B1AED25F700B7735F /* ViewController.swift */,
				FA9062971AED25F700B7735F /* Supporting Files */,
			);
			path = Example;
			sourceTree = "<group>";
		};
/* End PBXGroup section */

/* Begin PBXNativeTarget section */
		FA9062931AED25F700B7735F /* ALRadialMenu */ = {
			isa = PBXNativeTarget;
			buildConfigurationList = FA9062B31AED25F700B7735F /* Build configuration list for PBXNativeTarget "ALRadialMenu" */;
			buildPhases = (
				FA9062901AED25F700B7735F /* Sources */,
				FA9062911AED25F700B7735F /* Frameworks */,
				FA9062921AED25F700B7735F /* Resources */,
			);
			buildRules = (
			);
			dependencies = (
			);
			name = ALRadialMenu;
			productName = ALRadialMenu;
			productReference = FA9062941AED25F700B7735F /* ALRadialMenu.app */;
			productType = "com.apple.product-type.application";
		};
		FA9062A81AED25F700B7735F /* ALRadialMenuTests */ = {
			isa = PBXNativeTarget;
			buildConfigurationList = FA9062B61AED25F700B7735F /* Build configuration list for PBXNativeTarget "ALRadialMenuTests" */;
			buildPhases = (
				FA9062A51AED25F700B7735F /* Sources */,
				FA9062A61AED25F700B7735F /* Frameworks */,
				FA9062A71AED25F700B7735F /* Resources */,
			);
			buildRules = (
			);
			dependencies = (
				FA9062AB1AED25F700B7735F /* PBXTargetDependency */,
			);
			name = ALRadialMenuTests;
			productName = ALRadialMenuTests;
			productReference = FA9062A91AED25F700B7735F /* ALRadialMenuTests.xctest */;
			productType = "com.apple.product-type.bundle.unit-test";
		};
/* End PBXNativeTarget section */

/* Begin PBXProject section */
		FA90628C1AED25F700B7735F /* Project object */ = {
			isa = PBXProject;
			attributes = {
				LastSwiftMigration = 0730;
				LastSwiftUpdateCheck = 0730;
				LastUpgradeCheck = 1130;
				ORGANIZATIONNAME = zero;
				TargetAttributes = {
					FA9062931AED25F700B7735F = {
						CreatedOnToolsVersion = 6.3.1;
						DevelopmentTeam = GAPQH4AM76;
						LastSwiftMigration = 1130;
					};
					FA9062A81AED25F700B7735F = {
						CreatedOnToolsVersion = 6.3.1;
						DevelopmentTeam = GAPQH4AM76;
						LastSwiftMigration = 1130;
						TestTargetID = FA9062931AED25F700B7735F;
					};
				};
			};
			buildConfigurationList = FA90628F1AED25F700B7735F /* Build configuration list for PBXProject "ALRadialMenu" */;
			compatibilityVersion = "Xcode 3.2";
			developmentRegion = en;
			hasScannedForEncodings = 0;
			knownRegions = (
				en,
				Base,
			);
			mainGroup = FA90628B1AED25F700B7735F;
			productRefGroup = FA9062951AED25F700B7735F /* Products */;
			projectDirPath = "";
			projectRoot = "";
			targets = (
				FA9062931AED25F700B7735F /* ALRadialMenu */,
				FA9062A81AED25F700B7735F /* ALRadialMenuTests */,
			);
		};
/* End PBXProject section */

/* Begin PBXResourcesBuildPhase section */
		FA9062921AED25F700B7735F /* Resources */ = {
			isa = PBXResourcesBuildPhase;
			buildActionMask = 2147483647;
			files = (
				FA9062A11AED25F700B7735F /* Images.xcassets in Resources */,
			);
			runOnlyForDeploymentPostprocessing = 0;
		};
		FA9062A71AED25F700B7735F /* Resources */ = {
			isa = PBXResourcesBuildPhase;
			buildActionMask = 2147483647;
			files = (
			);
			runOnlyForDeploymentPostprocessing = 0;
		};
/* End PBXResourcesBuildPhase section */

/* Begin PBXSourcesBuildPhase section */
		FA9062901AED25F700B7735F /* Sources */ = {
			isa = PBXSourcesBuildPhase;
			buildActionMask = 2147483647;
			files = (
				FA90629C1AED25F700B7735F /* ViewController.swift in Sources */,
				FA90629A1AED25F700B7735F /* AppDelegate.swift in Sources */,
				FA9062BD1AED272800B7735F /* ALRadialMenuButton.swift in Sources */,
				FA9062BB1AED26FC00B7735F /* ALRadialMenu.swift in Sources */,
			);
			runOnlyForDeploymentPostprocessing = 0;
		};
		FA9062A51AED25F700B7735F /* Sources */ = {
			isa = PBXSourcesBuildPhase;
			buildActionMask = 2147483647;
			files = (
				FA9062B01AED25F700B7735F /* ALRadialMenuTests.swift in Sources */,
			);
			runOnlyForDeploymentPostprocessing = 0;
		};
/* End PBXSourcesBuildPhase section */

/* Begin PBXTargetDependency section */
		FA9062AB1AED25F700B7735F /* PBXTargetDependency */ = {
			isa = PBXTargetDependency;
			target = FA9062931AED25F700B7735F /* ALRadialMenu */;
			targetProxy = FA9062AA1AED25F700B7735F /* PBXContainerItemProxy */;
		};
/* End PBXTargetDependency section */

/* Begin XCBuildConfiguration section */
		FA9062B11AED25F700B7735F /* Debug */ = {
			isa = XCBuildConfiguration;
			buildSettings = {
				ALWAYS_SEARCH_USER_PATHS = NO;
				CLANG_ANALYZER_LOCALIZABILITY_NONLOCALIZED = YES;
				CLANG_CXX_LANGUAGE_STANDARD = "gnu++0x";
				CLANG_CXX_LIBRARY = "libc++";
				CLANG_ENABLE_MODULES = YES;
				CLANG_ENABLE_OBJC_ARC = YES;
				CLANG_WARN_BLOCK_CAPTURE_AUTORELEASING = YES;
				CLANG_WARN_BOOL_CONVERSION = YES;
				CLANG_WARN_COMMA = YES;
				CLANG_WARN_CONSTANT_CONVERSION = YES;
				CLANG_WARN_DEPRECATED_OBJC_IMPLEMENTATIONS = YES;
				CLANG_WARN_DIRECT_OBJC_ISA_USAGE = YES_ERROR;
				CLANG_WARN_EMPTY_BODY = YES;
				CLANG_WARN_ENUM_CONVERSION = YES;
				CLANG_WARN_INFINITE_RECURSION = YES;
				CLANG_WARN_INT_CONVERSION = YES;
				CLANG_WARN_NON_LITERAL_NULL_CONVERSION = YES;
				CLANG_WARN_OBJC_IMPLICIT_RETAIN_SELF = YES;
				CLANG_WARN_OBJC_LITERAL_CONVERSION = YES;
				CLANG_WARN_OBJC_ROOT_CLASS = YES_ERROR;
				CLANG_WARN_RANGE_LOOP_ANALYSIS = YES;
				CLANG_WARN_STRICT_PROTOTYPES = YES;
				CLANG_WARN_SUSPICIOUS_MOVE = YES;
				CLANG_WARN_UNREACHABLE_CODE = YES;
				CLANG_WARN__DUPLICATE_METHOD_MATCH = YES;
				"CODE_SIGN_IDENTITY[sdk=iphoneos*]" = "iPhone Developer";
				COPY_PHASE_STRIP = NO;
				DEBUG_INFORMATION_FORMAT = "dwarf-with-dsym";
				ENABLE_STRICT_OBJC_MSGSEND = YES;
				ENABLE_TESTABILITY = YES;
				GCC_C_LANGUAGE_STANDARD = gnu99;
				GCC_DYNAMIC_NO_PIC = NO;
				GCC_NO_COMMON_BLOCKS = YES;
				GCC_OPTIMIZATION_LEVEL = 0;
				GCC_PREPROCESSOR_DEFINITIONS = (
					"DEBUG=1",
					"$(inherited)",
				);
				GCC_SYMBOLS_PRIVATE_EXTERN = NO;
				GCC_WARN_64_TO_32_BIT_CONVERSION = YES;
				GCC_WARN_ABOUT_RETURN_TYPE = YES_ERROR;
				GCC_WARN_UNDECLARED_SELECTOR = YES;
				GCC_WARN_UNINITIALIZED_AUTOS = YES_AGGRESSIVE;
				GCC_WARN_UNUSED_FUNCTION = YES;
				GCC_WARN_UNUSED_VARIABLE = YES;
				IPHONEOS_DEPLOYMENT_TARGET = 8.3;
				MTL_ENABLE_DEBUG_INFO = YES;
				ONLY_ACTIVE_ARCH = YES;
				SDKROOT = iphoneos;
				SWIFT_OPTIMIZATION_LEVEL = "-Onone";
				TARGETED_DEVICE_FAMILY = "1,2";
			};
			name = Debug;
		};
		FA9062B21AED25F700B7735F /* Release */ = {
			isa = XCBuildConfiguration;
			buildSettings = {
				ALWAYS_SEARCH_USER_PATHS = NO;
				CLANG_ANALYZER_LOCALIZABILITY_NONLOCALIZED = YES;
				CLANG_CXX_LANGUAGE_STANDARD = "gnu++0x";
				CLANG_CXX_LIBRARY = "libc++";
				CLANG_ENABLE_MODULES = YES;
				CLANG_ENABLE_OBJC_ARC = YES;
				CLANG_WARN_BLOCK_CAPTURE_AUTORELEASING = YES;
				CLANG_WARN_BOOL_CONVERSION = YES;
				CLANG_WARN_COMMA = YES;
				CLANG_WARN_CONSTANT_CONVERSION = YES;
				CLANG_WARN_DEPRECATED_OBJC_IMPLEMENTATIONS = YES;
				CLANG_WARN_DIRECT_OBJC_ISA_USAGE = YES_ERROR;
				CLANG_WARN_EMPTY_BODY = YES;
				CLANG_WARN_ENUM_CONVERSION = YES;
				CLANG_WARN_INFINITE_RECURSION = YES;
				CLANG_WARN_INT_CONVERSION = YES;
				CLANG_WARN_NON_LITERAL_NULL_CONVERSION = YES;
				CLANG_WARN_OBJC_IMPLICIT_RETAIN_SELF = YES;
				CLANG_WARN_OBJC_LITERAL_CONVERSION = YES;
				CLANG_WARN_OBJC_ROOT_CLASS = YES_ERROR;
				CLANG_WARN_RANGE_LOOP_ANALYSIS = YES;
				CLANG_WARN_STRICT_PROTOTYPES = YES;
				CLANG_WARN_SUSPICIOUS_MOVE = YES;
				CLANG_WARN_UNREACHABLE_CODE = YES;
				CLANG_WARN__DUPLICATE_METHOD_MATCH = YES;
				"CODE_SIGN_IDENTITY[sdk=iphoneos*]" = "iPhone Developer";
				COPY_PHASE_STRIP = NO;
				DEBUG_INFORMATION_FORMAT = "dwarf-with-dsym";
				ENABLE_NS_ASSERTIONS = NO;
				ENABLE_STRICT_OBJC_MSGSEND = YES;
				GCC_C_LANGUAGE_STANDARD = gnu99;
				GCC_NO_COMMON_BLOCKS = YES;
				GCC_WARN_64_TO_32_BIT_CONVERSION = YES;
				GCC_WARN_ABOUT_RETURN_TYPE = YES_ERROR;
				GCC_WARN_UNDECLARED_SELECTOR = YES;
				GCC_WARN_UNINITIALIZED_AUTOS = YES_AGGRESSIVE;
				GCC_WARN_UNUSED_FUNCTION = YES;
				GCC_WARN_UNUSED_VARIABLE = YES;
				IPHONEOS_DEPLOYMENT_TARGET = 8.3;
				MTL_ENABLE_DEBUG_INFO = NO;
				SDKROOT = iphoneos;
				SWIFT_OPTIMIZATION_LEVEL = "-Owholemodule";
				TARGETED_DEVICE_FAMILY = "1,2";
				VALIDATE_PRODUCT = YES;
			};
			name = Release;
		};
		FA9062B41AED25F700B7735F /* Debug */ = {
			isa = XCBuildConfiguration;
			buildSettings = {
				ASSETCATALOG_COMPILER_APPICON_NAME = AppIcon;
				ASSETCATALOG_COMPILER_LAUNCHIMAGE_NAME = LaunchImage;
				DEVELOPMENT_TEAM = GAPQH4AM76;
				INFOPLIST_FILE = "Example/Supporting Files/Info.plist";
				IPHONEOS_DEPLOYMENT_TARGET = 8.0;
				LD_RUNPATH_SEARCH_PATHS = "$(inherited) @executable_path/Frameworks";
				PRODUCT_BUNDLE_IDENTIFIER = com.alx.zero.ALRadialMenu;
				PRODUCT_NAME = "$(TARGET_NAME)";
				SWIFT_SWIFT3_OBJC_INFERENCE = Default;
				SWIFT_VERSION = 5.0;
				TARGETED_DEVICE_FAMILY = 1;
			};
			name = Debug;
		};
		FA9062B51AED25F700B7735F /* Release */ = {
			isa = XCBuildConfiguration;
			buildSettings = {
				ASSETCATALOG_COMPILER_APPICON_NAME = AppIcon;
				ASSETCATALOG_COMPILER_LAUNCHIMAGE_NAME = LaunchImage;
				DEVELOPMENT_TEAM = GAPQH4AM76;
				INFOPLIST_FILE = "Example/Supporting Files/Info.plist";
				IPHONEOS_DEPLOYMENT_TARGET = 8.0;
				LD_RUNPATH_SEARCH_PATHS = "$(inherited) @executable_path/Frameworks";
				PRODUCT_BUNDLE_IDENTIFIER = com.alx.zero.ALRadialMenu;
				PRODUCT_NAME = "$(TARGET_NAME)";
				SWIFT_SWIFT3_OBJC_INFERENCE = Default;
				SWIFT_VERSION = 5.0;
				TARGETED_DEVICE_FAMILY = 1;
			};
			name = Release;
		};
		FA9062B71AED25F700B7735F /* Debug */ = {
			isa = XCBuildConfiguration;
			buildSettings = {
				BUNDLE_LOADER = "$(TEST_HOST)";
				DEVELOPMENT_TEAM = GAPQH4AM76;
				FRAMEWORK_SEARCH_PATHS = (
					"$(SDKROOT)/Developer/Library/Frameworks",
					"$(inherited)",
				);
				GCC_PREPROCESSOR_DEFINITIONS = (
					"DEBUG=1",
					"$(inherited)",
				);
				INFOPLIST_FILE = "ALRadialMenuTests/Supporting Files/Info.plist";
				LD_RUNPATH_SEARCH_PATHS = "$(inherited) @executable_path/Frameworks @loader_path/Frameworks";
				PRODUCT_BUNDLE_IDENTIFIER = "com.zero.$(PRODUCT_NAME:rfc1034identifier)";
				PRODUCT_NAME = "$(TARGET_NAME)";
				SWIFT_SWIFT3_OBJC_INFERENCE = On;
				SWIFT_VERSION = 5.0;
				TEST_HOST = "$(BUILT_PRODUCTS_DIR)/ALRadialMenu.app/ALRadialMenu";
			};
			name = Debug;
		};
		FA9062B81AED25F700B7735F /* Release */ = {
			isa = XCBuildConfiguration;
			buildSettings = {
				BUNDLE_LOADER = "$(TEST_HOST)";
				DEVELOPMENT_TEAM = GAPQH4AM76;
				FRAMEWORK_SEARCH_PATHS = (
					"$(SDKROOT)/Developer/Library/Frameworks",
					"$(inherited)",
				);
				INFOPLIST_FILE = "ALRadialMenuTests/Supporting Files/Info.plist";
				LD_RUNPATH_SEARCH_PATHS = "$(inherited) @executable_path/Frameworks @loader_path/Frameworks";
				PRODUCT_BUNDLE_IDENTIFIER = "com.zero.$(PRODUCT_NAME:rfc1034identifier)";
				PRODUCT_NAME = "$(TARGET_NAME)";
				SWIFT_SWIFT3_OBJC_INFERENCE = On;
				SWIFT_VERSION = 5.0;
				TEST_HOST = "$(BUILT_PRODUCTS_DIR)/ALRadialMenu.app/ALRadialMenu";
			};
			name = Release;
		};
/* End XCBuildConfiguration section */

/* Begin XCConfigurationList section */
		FA90628F1AED25F700B7735F /* Build configuration list for PBXProject "ALRadialMenu" */ = {
			isa = XCConfigurationList;
			buildConfigurations = (
				FA9062B11AED25F700B7735F /* Debug */,
				FA9062B21AED25F700B7735F /* Release */,
			);
			defaultConfigurationIsVisible = 0;
			defaultConfigurationName = Release;
		};
		FA9062B31AED25F700B7735F /* Build configuration list for PBXNativeTarget "ALRadialMenu" */ = {
			isa = XCConfigurationList;
			buildConfigurations = (
				FA9062B41AED25F700B7735F /* Debug */,
				FA9062B51AED25F700B7735F /* Release */,
			);
			defaultConfigurationIsVisible = 0;
			defaultConfigurationName = Release;
		};
		FA9062B61AED25F700B7735F /* Build configuration list for PBXNativeTarget "ALRadialMenuTests" */ = {
			isa = XCConfigurationList;
			buildConfigurations = (
				FA9062B71AED25F700B7735F /* Debug */,
				FA9062B81AED25F700B7735F /* Release */,
			);
			defaultConfigurationIsVisible = 0;
			defaultConfigurationName = Release;
		};
/* End XCConfigurationList section */
	};
	rootObject = FA90628C1AED25F700B7735F /* Project object */;
}
